<?xml version="1.0" encoding="utf-8"?>
<Project ToolsVersion="4.0" xmlns="http://schemas.microsoft.com/developer/msbuild/2003">
  <ItemGroup>
    <Filter Include="Export">
      <UniqueIdentifier>{2bc57ff5-c123-4941-8313-f4b58b7c181f}</UniqueIdentifier>
    </Filter>
    <Filter Include="Source Files">
      <UniqueIdentifier>{4FC737F1-C7A5-4376-A066-2A32D752A2FF}</UniqueIdentifier>
      <Extensions>cpp;c;cc;cxx;def;odl;idl;hpj;bat;asm;asmx</Extensions>
    </Filter>
    <Filter Include="Header Files">
      <UniqueIdentifier>{93995380-89BD-4b04-88EB-625FBE52EBFB}</UniqueIdentifier>
      <Extensions>h;hh;hpp;hxx;hm;inl;inc;ipp;xsd</Extensions>
    </Filter>
    <Filter Include="Resource Files">
      <UniqueIdentifier>{67DA6AB6-F800-4c08-8B7A-83BB121AAD01}</UniqueIdentifier>
      <Extensions>rc;ico;cur;bmp;dlg;rc2;rct;bin;rgs;gif;jpg;jpeg;jpe;resx;tiff;tif;png;wav;mfcribbon-ms</Extensions>
    </Filter>
    <Filter Include="Source Files\hash">
      <UniqueIdentifier>{147e2617-383a-4449-b244-86f15f5672a4}</UniqueIdentifier>
    </Filter>
    <Filter Include="Header Files\hash">
      <UniqueIdentifier>{4aea4ff1-780c-45dd-b6bc-df1ae6792897}</UniqueIdentifier>
    </Filter>
    <Filter Include="Header Files\codec">
      <UniqueIdentifier>{0da38a3d-5808-482f-97b5-211265d46ced}</UniqueIdentifier>
    </Filter>
    <Filter Include="Header Files\codec\symetric">
      <UniqueIdentifier>{c97ccc70-3bd1-4d8e-a7a3-1870773b805d}</UniqueIdentifier>
    </Filter>
    <Filter Include="Source Files\codec">
      <UniqueIdentifier>{5a0384bc-2f55-422e-ae55-07a1944c64c2}</UniqueIdentifier>
    </Filter>
    <Filter Include="Source Files\codec\symetric">
      <UniqueIdentifier>{676fdaea-fdd3-403b-a652-4d17cad43746}</UniqueIdentifier>
    </Filter>
  </ItemGroup>
  <ItemGroup>
    <None Include="Crypt.include.props">
      <Filter>Export</Filter>
    </None>
    <None Include="Crypt.import.props">
      <Filter>Export</Filter>
    </None>
  </ItemGroup>
  <ItemGroup>
    <ClInclude Include="include\Crypt\utils.hpp">
      <Filter>Header Files</Filter>
    </ClInclude>
    <ClInclude Include="include\Crypt\hash\crc.hpp">
      <Filter>Header Files\hash</Filter>
    </ClInclude>
    <ClInclude Include="include\Crypt\hash\sha2.hpp">
      <Filter>Header Files\hash</Filter>
    </ClInclude>
    <ClInclude Include="include\Crypt\codec\symetric\AES.hpp">
      <Filter>Header Files\codec\symetric</Filter>
    </ClInclude>
  </ItemGroup>
  <ItemGroup>
    <ClCompile Include="src\hash\crc.cpp">
      <Filter>Source Files\hash</Filter>
    </ClCompile>
    <ClCompile Include="src\hash\sha2.cpp">
      <Filter>Source Files\hash</Filter>
    </ClCompile>
    <ClCompile Include="src\codec\symetric\AES.cpp">
      <Filter>Source Files\codec\symetric</Filter>
    </ClCompile>
  </ItemGroup>
</Project>